
Microsoft Visual Studio Solution File, Format Version 12.00
# Visual Studio Version 17
VisualStudioVersion = 17.6.33723.286
MinimumVisualStudioVersion = 10.0.40219.1
Project("{FAE04EC0-301F-11D3-BF4B-00C04F79EFBC}") = "QR Master", "QR Master\QR Master.csproj", "{2CB60200-0E1B-4375-B88C-C4B738E4FABA}"
EndProject
Global
	GlobalSection(SolutionConfigurationPlatforms) = preSolution
		Debug|Any CPU = Debug|Any CPU
		Release|Any CPU = Release|Any CPU
	EndGlobalSection
	GlobalSection(ProjectConfigurationPlatforms) = postSolution
		{2CB60200-0E1B-4375-B88C-C4B738E4FABA}.Debug|Any CPU.ActiveCfg = Debug|Any CPU
		{2CB60200-0E1B-4375-B88C-C4B738E4FABA}.Debug|Any CPU.Build.0 = Debug|Any CPU
		{2CB60200-0E1B-4375-B88C-C4B738E4FABA}.Release|Any CPU.ActiveCfg = Release|Any CPU
		{2CB60200-0E1B-4375-B88C-C4B738E4FABA}.Release|Any CPU.Build.0 = Release|Any CPU
	EndGlobalSection
	GlobalSection(SolutionProperties) = preSolution
		HideSolutionNode = FALSE
	EndGlobalSection
	GlobalSection(ExtensibilityGlobals) = postSolution
		SolutionGuid = {601DBA0E-933D-44CB-9BC9-E2AA6EC6CA2F}
	EndGlobalSection
EndGlobal
